
Microsoft Visual Studio Solution File, Format Version 12.00
# Visual Studio Version 16
VisualStudioVersion = 16.0.32228.343
MinimumVisualStudioVersion = 10.0.40219.1
Project("{FAE04EC0-301F-11D3-BF4B-00C04F79EFBC}") = "VirtIO-FS-Win", "VirtIO-FS-Win\VirtIO-FS-Win.csproj", "{0A441D8C-911B-40BA-9960-49D77D7647AA}"
EndProject
Global
	GlobalSection(SolutionConfigurationPlatforms) = preSolution
		Debug|Any CPU = Debug|Any CPU
		Debug|x64 = Debug|x64
		Release|Any CPU = Release|Any CPU
		Release|x64 = Release|x64
	EndGlobalSection
	GlobalSection(ProjectConfigurationPlatforms) = postSolution
		{0A441D8C-911B-40BA-9960-49D77D7647AA}.Debug|Any CPU.ActiveCfg = Debug|Any CPU
		{0A441D8C-911B-40BA-9960-49D77D7647AA}.Debug|Any CPU.Build.0 = Debug|Any CPU
		{0A441D8C-911B-40BA-9960-49D77D7647AA}.Debug|x64.ActiveCfg = Debug|x64
		{0A441D8C-911B-40BA-9960-49D77D7647AA}.Debug|x64.Build.0 = Debug|x64
		{0A441D8C-911B-40BA-9960-49D77D7647AA}.Release|Any CPU.ActiveCfg = Release|Any CPU
		{0A441D8C-911B-40BA-9960-49D77D7647AA}.Release|Any CPU.Build.0 = Release|Any CPU
		{0A441D8C-911B-40BA-9960-49D77D7647AA}.Release|x64.ActiveCfg = Release|x64
		{0A441D8C-911B-40BA-9960-49D77D7647AA}.Release|x64.Build.0 = Release|x64
	EndGlobalSection
	GlobalSection(SolutionProperties) = preSolution
		HideSolutionNode = FALSE
	EndGlobalSection
	GlobalSection(ExtensibilityGlobals) = postSolution
		SolutionGuid = {A00DD2D7-611A-42D7-8C73-9C9A4F8E3F92}
	EndGlobalSection
EndGlobal
